{
  "version": 4,
  "terraform_version": "1.14.6",
  "serial": 26,
  "lineage": "bbc63238-9b51-e654-8770-1883b43c4a92",
  "outputs": {
    "app_runner_secret_arn": {
      "value": "arn:aws:secretsmanager:ap-northeast-1:471112594170:secret:rds!db-2ea21bd8-9d04-41b5-a716-7f517b3db17f-ViVhFr",
      "type": "string"
    },
    "kms_key_arn": {
      "value": "arn:aws:kms:ap-northeast-1:471112594170:key/666e6096-77b9-4bd0-9b2a-5f2d0ef8bc42",
      "type": "string"
    },
    "private_subnet_ids": {
      "value": [
        "subnet-02bfae1c28a2a5de1",
        "subnet-05c8a5c86ba89a714"
      ],
      "type": [
        "tuple",
        [
          "string",
          "string"
        ]
      ]
    },
    "rds_endpoint": {
      "value": "terraform-sample-postgres.cfqgg4gsovh9.ap-northeast-1.rds.amazonaws.com",
      "type": "string"
    },
    "ssm_ec2_instance_id": {
      "value": "i-0525ce12c0537b946",
      "type": "string"
    },
    "ssm_ec2_private_ip": {
      "value": "10.0.1.200",
      "type": "string"
    },
    "vpc_id": {
      "value": "vpc-07037d804e2d1e88e",
      "type": "string"
    }
  },
  "resources": [
    {
      "mode": "data",
      "type": "aws_availability_zones",
      "name": "available",
      "provider": "provider[\"registry.terraform.io/hashicorp/aws\"]",
      "instances": [
        {
          "schema_version": 0,
          "attributes": {
            "all_availability_zones": null,
            "exclude_names": null,
            "exclude_zone_ids": null,
            "filter": null,
            "group_names": [
              "ap-northeast-1-zg-1"
            ],
            "id": "ap-northeast-1",
            "names": [
              "ap-northeast-1a",
              "ap-northeast-1c",
              "ap-northeast-1d"
            ],
            "region": "ap-northeast-1",
            "state": "available",
            "timeouts": null,
            "zone_ids": [
              "apne1-az4",
              "apne1-az1",
              "apne1-az2"
            ]
          },
          "sensitive_attributes": [],
          "identity_schema_version": 0
        }
      ]
    },
    {
      "mode": "data",
      "type": "aws_iam_policy_document",
      "name": "apprunner_assume",
      "provider": "provider[\"registry.terraform.io/hashicorp/aws\"]",
      "instances": [
        {
          "schema_version": 0,
          "attributes": {
            "id": "3816108838",
            "json": "{\n  \"Version\": \"2012-10-17\",\n  \"Statement\": [\n    {\n      \"Effect\": \"Allow\",\n      \"Action\": \"sts:AssumeRole\",\n      \"Principal\": {\n        \"Service\": [\n          \"tasks.apprunner.amazonaws.com\",\n          \"build.apprunner.amazonaws.com\"\n        ]\n      }\n    }\n  ]\n}",
            "minified_json": "{\"Version\":\"2012-10-17\",\"Statement\":[{\"Effect\":\"Allow\",\"Action\":\"sts:AssumeRole\",\"Principal\":{\"Service\":[\"tasks.apprunner.amazonaws.com\",\"build.apprunner.amazonaws.com\"]}}]}",
            "override_json": null,
            "override_policy_documents": null,
            "policy_id": null,
            "source_json": null,
            "source_policy_documents": null,
            "statement": [
              {
                "actions": [
                  "sts:AssumeRole"
                ],
                "condition": [],
                "effect": "Allow",
                "not_actions": [],
                "not_principals": [],
                "not_resources": [],
                "principals": [
                  {
                    "identifiers": [
                      "build.apprunner.amazonaws.com",
                      "tasks.apprunner.amazonaws.com"
                    ],
                    "type": "Service"
                  }
                ],
                "resources": [],
                "sid": ""
              }
            ],
            "version": "2012-10-17"
          },
          "sensitive_attributes": [],
          "identity_schema_version": 0
        }
      ]
    },
    {
      "mode": "data",
      "type": "aws_iam_policy_document",
      "name": "apprunner_secrets",
      "provider": "provider[\"registry.terraform.io/hashicorp/aws\"]",
      "instances": [
        {
          "schema_version": 0,
          "attributes": {
            "id": "1657813785",
            "json": "{\n  \"Version\": \"2012-10-17\",\n  \"Statement\": [\n    {\n      \"Effect\": \"Allow\",\n      \"Action\": [\n        \"secretsmanager:GetSecretValue\",\n        \"secretsmanager:DescribeSecret\"\n      ],\n      \"Resource\": \"arn:aws:secretsmanager:ap-northeast-1:471112594170:secret:rds!db-2ea21bd8-9d04-41b5-a716-7f517b3db17f-ViVhFr\"\n    },\n    {\n      \"Effect\": \"Allow\",\n      \"Action\": \"kms:Decrypt\",\n      \"Resource\": \"arn:aws:kms:ap-northeast-1:471112594170:key/666e6096-77b9-4bd0-9b2a-5f2d0ef8bc42\"\n    }\n  ]\n}",
            "minified_json": "{\"Version\":\"2012-10-17\",\"Statement\":[{\"Effect\":\"Allow\",\"Action\":[\"secretsmanager:GetSecretValue\",\"secretsmanager:DescribeSecret\"],\"Resource\":\"arn:aws:secretsmanager:ap-northeast-1:471112594170:secret:rds!db-2ea21bd8-9d04-41b5-a716-7f517b3db17f-ViVhFr\"},{\"Effect\":\"Allow\",\"Action\":\"kms:Decrypt\",\"Resource\":\"arn:aws:kms:ap-northeast-1:471112594170:key/666e6096-77b9-4bd0-9b2a-5f2d0ef8bc42\"}]}",
            "override_json": null,
            "override_policy_documents": null,
            "policy_id": null,
            "source_json": null,
            "source_policy_documents": null,
            "statement": [
              {
                "actions": [
                  "secretsmanager:DescribeSecret",
                  "secretsmanager:GetSecretValue"
                ],
                "condition": [],
                "effect": "Allow",
                "not_actions": [],
                "not_principals": [],
                "not_resources": [],
                "principals": [],
                "resources": [
                  "arn:aws:secretsmanager:ap-northeast-1:471112594170:secret:rds!db-2ea21bd8-9d04-41b5-a716-7f517b3db17f-ViVhFr"
                ],
                "sid": ""
              },
              {
                "actions": [
                  "kms:Decrypt"
                ],
                "condition": [],
                "effect": "Allow",
                "not_actions": [],
                "not_principals": [],
                "not_resources": [],
                "principals": [],
                "resources": [
                  "arn:aws:kms:ap-northeast-1:471112594170:key/666e6096-77b9-4bd0-9b2a-5f2d0ef8bc42"
                ],
                "sid": ""
              }
            ],
            "version": "2012-10-17"
          },
          "sensitive_attributes": [],
          "identity_schema_version": 0
        }
      ]
    },
    {
      "mode": "data",
      "type": "aws_ssm_parameter",
      "name": "al2023_ami",
      "provider": "provider[\"registry.terraform.io/hashicorp/aws\"]",
      "instances": [
        {
          "schema_version": 0,
          "attributes": {
            "arn": "arn:aws:ssm:ap-northeast-1::parameter/aws/service/ami-amazon-linux-latest/al2023-ami-kernel-default-x86_64",
            "id": "/aws/service/ami-amazon-linux-latest/al2023-ami-kernel-default-x86_64",
            "insecure_value": "ami-088103e734f7e0529",
            "name": "/aws/service/ami-amazon-linux-latest/al2023-ami-kernel-default-x86_64",
            "region": "ap-northeast-1",
            "type": "String",
            "value": "ami-088103e734f7e0529",
            "version": 147,
            "with_decryption": true
          },
          "sensitive_attributes": [
            [
              {
                "type": "get_attr",
                "value": "value"
              }
            ]
          ],
          "identity_schema_version": 0
        }
      ]
    },
    {
      "mode": "managed",
      "type": "aws_apprunner_vpc_connector",
      "name": "this",
      "provider": "provider[\"registry.terraform.io/hashicorp/aws\"]",
      "instances": [
        {
          "schema_version": 0,
          "attributes": {
            "arn": "arn:aws:apprunner:ap-northeast-1:471112594170:vpcconnector/terraform-sample-connector/1/e58fc396ea9841489c66612cae19c88d",
            "id": "arn:aws:apprunner:ap-northeast-1:471112594170:vpcconnector/terraform-sample-connector/1/e58fc396ea9841489c66612cae19c88d",
            "region": "ap-northeast-1",
            "security_groups": [
              "sg-0012b61cb4aacd20a"
            ],
            "status": "ACTIVE",
            "subnets": [
              "subnet-02bfae1c28a2a5de1",
              "subnet-05c8a5c86ba89a714"
            ],
            "tags": {
              "Environment": "dev",
              "Name": "terraform-sample-apprunner-connector",
              "Owner": "you",
              "Project": "terraform-sample"
            },
            "tags_all": {
              "Environment": "dev",
              "Name": "terraform-sample-apprunner-connector",
              "Owner": "you",
              "Project": "terraform-sample"
            },
            "vpc_connector_name": "terraform-sample-connector",
            "vpc_connector_revision": 1
          },
          "sensitive_attributes": [],
          "identity_schema_version": 0,
          "identity": {
            "arn": "arn:aws:apprunner:ap-northeast-1:471112594170:vpcconnector/terraform-sample-connector/1/e58fc396ea9841489c66612cae19c88d"
          },
          "private": "bnVsbA==",
          "dependencies": [
            "aws_security_group.app_runner",
            "aws_subnet.private_primary",
            "aws_subnet.private_secondary",
            "aws_vpc.main",
            "data.aws_availability_zones.available"
          ]
        }
      ]
    },
    {
      "mode": "managed",
      "type": "aws_db_instance",
      "name": "postgres",
      "provider": "provider[\"registry.terraform.io/hashicorp/aws\"]",
      "instances": [
        {
          "schema_version": 2,
          "attributes": {
            "address": "terraform-sample-postgres.cfqgg4gsovh9.ap-northeast-1.rds.amazonaws.com",
            "allocated_storage": 20,
            "allow_major_version_upgrade": null,
            "apply_immediately": false,
            "arn": "arn:aws:rds:ap-northeast-1:471112594170:db:terraform-sample-postgres",
            "auto_minor_version_upgrade": true,
            "availability_zone": "ap-northeast-1c",
            "backup_retention_period": 1,
            "backup_target": "region",
            "backup_window": "20:11-20:41",
            "blue_green_update": [],
            "ca_cert_identifier": "rds-ca-rsa2048-g1",
            "character_set_name": "",
            "copy_tags_to_snapshot": false,
            "custom_iam_instance_profile": "",
            "customer_owned_ip_enabled": false,
            "database_insights_mode": "standard",
            "db_name": "appdb",
            "db_subnet_group_name": "terraform-sample-rds-subnets",
            "dedicated_log_volume": false,
            "delete_automated_backups": true,
            "deletion_protection": false,
            "domain": "",
            "domain_auth_secret_arn": "",
            "domain_dns_ips": null,
            "domain_fqdn": "",
            "domain_iam_role_name": "",
            "domain_ou": "",
            "enabled_cloudwatch_logs_exports": null,
            "endpoint": "terraform-sample-postgres.cfqgg4gsovh9.ap-northeast-1.rds.amazonaws.com:5432",
            "engine": "postgres",
            "engine_lifecycle_support": "open-source-rds-extended-support",
            "engine_version": "18.3",
            "engine_version_actual": "18.3",
            "final_snapshot_identifier": null,
            "hosted_zone_id": "Z24O6O9L7SGTNB",
            "iam_database_authentication_enabled": false,
            "id": "db-YOCL5X7DTAJTIVCEGW7NSGE5CU",
            "identifier": "terraform-sample-postgres",
            "identifier_prefix": "",
            "instance_class": "db.t3.micro",
            "iops": 0,
            "kms_key_id": "arn:aws:kms:ap-northeast-1:471112594170:key/06744616-44a9-4f93-a599-d6e88ff807d2",
            "latest_restorable_time": "2026-03-01T03:32:46Z",
            "license_model": "postgresql-license",
            "listener_endpoint": [],
            "maintenance_window": "wed:13:34-wed:14:04",
            "manage_master_user_password": true,
            "master_user_secret": [
              {
                "kms_key_id": "arn:aws:kms:ap-northeast-1:471112594170:key/666e6096-77b9-4bd0-9b2a-5f2d0ef8bc42",
                "secret_arn": "arn:aws:secretsmanager:ap-northeast-1:471112594170:secret:rds!db-2ea21bd8-9d04-41b5-a716-7f517b3db17f-ViVhFr",
                "secret_status": "active"
              }
            ],
            "master_user_secret_kms_key_id": "arn:aws:kms:ap-northeast-1:471112594170:key/666e6096-77b9-4bd0-9b2a-5f2d0ef8bc42",
            "max_allocated_storage": 0,
            "monitoring_interval": 0,
            "monitoring_role_arn": "",
            "multi_az": true,
            "nchar_character_set_name": "",
            "network_type": "IPV4",
            "option_group_name": "default:postgres-18",
            "parameter_group_name": "default.postgres18",
            "password": null,
            "password_wo": null,
            "password_wo_version": null,
            "performance_insights_enabled": false,
            "performance_insights_kms_key_id": "",
            "performance_insights_retention_period": 0,
            "port": 5432,
            "publicly_accessible": false,
            "region": "ap-northeast-1",
            "replica_mode": "",
            "replicas": [],
            "replicate_source_db": "",
            "resource_id": "db-YOCL5X7DTAJTIVCEGW7NSGE5CU",
            "restore_to_point_in_time": [],
            "s3_import": [],
            "skip_final_snapshot": true,
            "snapshot_identifier": null,
            "status": "available",
            "storage_encrypted": true,
            "storage_throughput": 0,
            "storage_type": "gp2",
            "tags": {
              "Environment": "dev",
              "Name": "terraform-sample-postgres",
              "Owner": "you",
              "Project": "terraform-sample"
            },
            "tags_all": {
              "Environment": "dev",
              "Name": "terraform-sample-postgres",
              "Owner": "you",
              "Project": "terraform-sample"
            },
            "timeouts": null,
            "timezone": "",
            "upgrade_rollout_order": "second",
            "upgrade_storage_config": null,
            "username": "appuser",
            "vpc_security_group_ids": [
              "sg-0c1f6125da15a256e"
            ]
          },
          "sensitive_attributes": [
            [
              {
                "type": "get_attr",
                "value": "password"
              }
            ],
            [
              {
                "type": "get_attr",
                "value": "password_wo"
              }
            ]
          ],
          "identity_schema_version": 0,
          "private": "eyJlMmJmYjczMC1lY2FhLTExZTYtOGY4OC0zNDM2M2JjN2M0YzAiOnsiY3JlYXRlIjozMDAwMDAwMDAwMDAwLCJkZWxldGUiOjM2MDAwMDAwMDAwMDAsInVwZGF0ZSI6NDgwMDAwMDAwMDAwMH0sInNjaGVtYV92ZXJzaW9uIjoiMiJ9",
          "dependencies": [
            "aws_db_subnet_group.rds",
            "aws_kms_key.secrets",
            "aws_security_group.app_runner",
            "aws_security_group.rds",
            "aws_security_group.ssm_instance",
            "aws_subnet.private_primary",
            "aws_subnet.private_secondary",
            "aws_vpc.main",
            "data.aws_availability_zones.available"
          ]
        }
      ]
    },
    {
      "mode": "managed",
      "type": "aws_db_subnet_group",
      "name": "rds",
      "provider": "provider[\"registry.terraform.io/hashicorp/aws\"]",
      "instances": [
        {
          "schema_version": 0,
          "attributes": {
            "arn": "arn:aws:rds:ap-northeast-1:471112594170:subgrp:terraform-sample-rds-subnets",
            "description": "Managed by Terraform",
            "id": "terraform-sample-rds-subnets",
            "name": "terraform-sample-rds-subnets",
            "name_prefix": "",
            "region": "ap-northeast-1",
            "subnet_ids": [
              "subnet-02bfae1c28a2a5de1",
              "subnet-05c8a5c86ba89a714"
            ],
            "supported_network_types": [
              "IPV4"
            ],
            "tags": {
              "Environment": "dev",
              "Name": "terraform-sample-rds-subnet-group",
              "Owner": "you",
              "Project": "terraform-sample"
            },
            "tags_all": {
              "Environment": "dev",
              "Name": "terraform-sample-rds-subnet-group",
              "Owner": "you",
              "Project": "terraform-sample"
            },
            "vpc_id": "vpc-07037d804e2d1e88e"
          },
          "sensitive_attributes": [],
          "identity_schema_version": 0,
          "private": "bnVsbA==",
          "dependencies": [
            "aws_subnet.private_primary",
            "aws_subnet.private_secondary",
            "aws_vpc.main",
            "data.aws_availability_zones.available"
          ]
        }
      ]
    },
    {
      "mode": "managed",
      "type": "aws_iam_instance_profile",
      "name": "ssm_instance",
      "provider": "provider[\"registry.terraform.io/hashicorp/aws\"]",
      "instances": [
        {
          "schema_version": 0,
          "attributes": {
            "arn": "arn:aws:iam::471112594170:instance-profile/terraform-sample-ssm-ec2-profile",
            "create_date": "2026-03-01T03:14:27Z",
            "id": "terraform-sample-ssm-ec2-profile",
            "name": "terraform-sample-ssm-ec2-profile",
            "name_prefix": "",
            "path": "/",
            "role": "terraform-sample-ssm-ec2-role",
            "tags": {},
            "tags_all": {},
            "unique_id": "AIPAW3MD7WL5IY3JRHEUZ"
          },
          "sensitive_attributes": [],
          "identity_schema_version": 0,
          "private": "bnVsbA==",
          "dependencies": [
            "aws_iam_role.ssm_instance"
          ]
        }
      ]
    },
    {
      "mode": "managed",
      "type": "aws_iam_role",
      "name": "apprunner_service",
      "provider": "provider[\"registry.terraform.io/hashicorp/aws\"]",
      "instances": [
        {
          "schema_version": 0,
          "attributes": {
            "arn": "arn:aws:iam::471112594170:role/terraform-sample-apprunner-role",
            "assume_role_policy": "{\"Statement\":[{\"Action\":\"sts:AssumeRole\",\"Effect\":\"Allow\",\"Principal\":{\"Service\":[\"tasks.apprunner.amazonaws.com\",\"build.apprunner.amazonaws.com\"]}}],\"Version\":\"2012-10-17\"}",
            "create_date": "2026-03-01T03:14:26Z",
            "description": "",
            "force_detach_policies": false,
            "id": "terraform-sample-apprunner-role",
            "inline_policy": [],
            "managed_policy_arns": [],
            "max_session_duration": 3600,
            "name": "terraform-sample-apprunner-role",
            "name_prefix": "",
            "path": "/",
            "permissions_boundary": "",
            "tags": {
              "Environment": "dev",
              "Name": "terraform-sample-apprunner-role",
              "Owner": "you",
              "Project": "terraform-sample"
            },
            "tags_all": {
              "Environment": "dev",
              "Name": "terraform-sample-apprunner-role",
              "Owner": "you",
              "Project": "terraform-sample"
            },
            "unique_id": "AROAW3MD7WL5AAWVXIWLY"
          },
          "sensitive_attributes": [],
          "identity_schema_version": 0,
          "identity": {
            "account_id": "471112594170",
            "name": "terraform-sample-apprunner-role"
          },
          "private": "bnVsbA==",
          "dependencies": [
            "data.aws_iam_policy_document.apprunner_assume"
          ]
        }
      ]
    },
    {
      "mode": "managed",
      "type": "aws_iam_role",
      "name": "ssm_instance",
      "provider": "provider[\"registry.terraform.io/hashicorp/aws\"]",
      "instances": [
        {
          "schema_version": 0,
          "attributes": {
            "arn": "arn:aws:iam::471112594170:role/terraform-sample-ssm-ec2-role",
            "assume_role_policy": "{\"Statement\":[{\"Action\":\"sts:AssumeRole\",\"Effect\":\"Allow\",\"Principal\":{\"Service\":\"ec2.amazonaws.com\"}}],\"Version\":\"2012-10-17\"}",
            "create_date": "2026-03-01T03:14:26Z",
            "description": "",
            "force_detach_policies": false,
            "id": "terraform-sample-ssm-ec2-role",
            "inline_policy": [],
            "managed_policy_arns": [
              "arn:aws:iam::aws:policy/AmazonSSMManagedInstanceCore"
            ],
            "max_session_duration": 3600,
            "name": "terraform-sample-ssm-ec2-role",
            "name_prefix": "",
            "path": "/",
            "permissions_boundary": "",
            "tags": {
              "Environment": "dev",
              "Name": "terraform-sample-ssm-ec2-role",
              "Owner": "you",
              "Project": "terraform-sample"
            },
            "tags_all": {
              "Environment": "dev",
              "Name": "terraform-sample-ssm-ec2-role",
              "Owner": "you",
              "Project": "terraform-sample"
            },
            "unique_id": "AROAW3MD7WL5CJ55JQI4Y"
          },
          "sensitive_attributes": [],
          "identity_schema_version": 0,
          "identity": {
            "account_id": "471112594170",
            "name": "terraform-sample-ssm-ec2-role"
          },
          "private": "bnVsbA=="
        }
      ]
    },
    {
      "mode": "managed",
      "type": "aws_iam_role_policy",
      "name": "apprunner_secrets",
      "provider": "provider[\"registry.terraform.io/hashicorp/aws\"]",
      "instances": [
        {
          "schema_version": 0,
          "attributes": {
            "id": "terraform-sample-apprunner-role:terraform-sample-apprunner-secrets",
            "name": "terraform-sample-apprunner-secrets",
            "name_prefix": "",
            "policy": "{\"Version\":\"2012-10-17\",\"Statement\":[{\"Action\":[\"secretsmanager:GetSecretValue\",\"secretsmanager:DescribeSecret\"],\"Effect\":\"Allow\",\"Resource\":\"arn:aws:secretsmanager:ap-northeast-1:471112594170:secret:rds!db-2ea21bd8-9d04-41b5-a716-7f517b3db17f-ViVhFr\"},{\"Action\":\"kms:Decrypt\",\"Effect\":\"Allow\",\"Resource\":\"arn:aws:kms:ap-northeast-1:471112594170:key/666e6096-77b9-4bd0-9b2a-5f2d0ef8bc42\"}]}",
            "role": "terraform-sample-apprunner-role"
          },
          "sensitive_attributes": [],
          "identity_schema_version": 0,
          "identity": {
            "account_id": "471112594170",
            "name": "terraform-sample-apprunner-secrets",
            "role": "terraform-sample-apprunner-role"
          },
          "private": "bnVsbA==",
          "dependencies": [
            "aws_db_instance.postgres",
            "aws_db_subnet_group.rds",
            "aws_iam_role.apprunner_service",
            "aws_kms_key.secrets",
            "aws_security_group.app_runner",
            "aws_security_group.rds",
            "aws_security_group.ssm_instance",
            "aws_subnet.private_primary",
            "aws_subnet.private_secondary",
            "aws_vpc.main",
            "data.aws_availability_zones.available",
            "data.aws_iam_policy_document.apprunner_assume",
            "data.aws_iam_policy_document.apprunner_secrets"
          ]
        }
      ]
    },
    {
      "mode": "managed",
      "type": "aws_iam_role_policy_attachment",
      "name": "ssm_core",
      "provider": "provider[\"registry.terraform.io/hashicorp/aws\"]",
      "instances": [
        {
          "schema_version": 0,
          "attributes": {
            "id": "terraform-sample-ssm-ec2-role/arn:aws:iam::aws:policy/AmazonSSMManagedInstanceCore",
            "policy_arn": "arn:aws:iam::aws:policy/AmazonSSMManagedInstanceCore",
            "role": "terraform-sample-ssm-ec2-role"
          },
          "sensitive_attributes": [],
          "identity_schema_version": 0,
          "identity": {
            "account_id": "471112594170",
            "policy_arn": "arn:aws:iam::aws:policy/AmazonSSMManagedInstanceCore",
            "role": "terraform-sample-ssm-ec2-role"
          },
          "private": "bnVsbA==",
          "dependencies": [
            "aws_iam_role.ssm_instance"
          ]
        }
      ]
    },
    {
      "mode": "managed",
      "type": "aws_instance",
      "name": "ssm_worker",
      "provider": "provider[\"registry.terraform.io/hashicorp/aws\"]",
      "instances": [
        {
          "schema_version": 2,
          "attributes": {
            "ami": "ami-088103e734f7e0529",
            "arn": "arn:aws:ec2:ap-northeast-1:471112594170:instance/i-0525ce12c0537b946",
            "associate_public_ip_address": false,
            "availability_zone": "ap-northeast-1a",
            "capacity_reservation_specification": [
              {
                "capacity_reservation_preference": "open",
                "capacity_reservation_target": []
              }
            ],
            "cpu_options": [
              {
                "amd_sev_snp": "",
                "core_count": 1,
                "nested_virtualization": "",
                "threads_per_core": 2
              }
            ],
            "credit_specification": [
              {
                "cpu_credits": "unlimited"
              }
            ],
            "disable_api_stop": false,
            "disable_api_termination": false,
            "ebs_block_device": [],
            "ebs_optimized": false,
            "enable_primary_ipv6": null,
            "enclave_options": [
              {
                "enabled": false
              }
            ],
            "ephemeral_block_device": [],
            "force_destroy": false,
            "get_password_data": false,
            "hibernation": false,
            "host_id": "",
            "host_resource_group_arn": null,
            "iam_instance_profile": "terraform-sample-ssm-ec2-profile",
            "id": "i-0525ce12c0537b946",
            "instance_initiated_shutdown_behavior": "stop",
            "instance_lifecycle": "",
            "instance_market_options": [],
            "instance_state": "running",
            "instance_type": "t3.micro",
            "ipv6_address_count": 0,
            "ipv6_addresses": [],
            "key_name": "",
            "launch_template": [],
            "maintenance_options": [
              {
                "auto_recovery": "default"
              }
            ],
            "metadata_options": [
              {
                "http_endpoint": "enabled",
                "http_protocol_ipv6": "disabled",
                "http_put_response_hop_limit": 1,
                "http_tokens": "required",
                "instance_metadata_tags": "disabled"
              }
            ],
            "monitoring": false,
            "network_interface": [],
            "outpost_arn": "",
            "password_data": "",
            "placement_group": "",
            "placement_group_id": "",
            "placement_partition_number": 0,
            "primary_network_interface": [
              {
                "delete_on_termination": true,
                "network_interface_id": "eni-0357ccf1b9f440b9b"
              }
            ],
            "primary_network_interface_id": "eni-0357ccf1b9f440b9b",
            "private_dns": "ip-10-0-1-200.ap-northeast-1.compute.internal",
            "private_dns_name_options": [
              {
                "enable_resource_name_dns_a_record": false,
                "enable_resource_name_dns_aaaa_record": false,
                "hostname_type": "ip-name"
              }
            ],
            "private_ip": "10.0.1.200",
            "public_dns": "",
            "public_ip": "",
            "region": "ap-northeast-1",
            "root_block_device": [
              {
                "delete_on_termination": true,
                "device_name": "/dev/xvda",
                "encrypted": false,
                "iops": 3000,
                "kms_key_id": "",
                "tags": {},
                "tags_all": {},
                "throughput": 125,
                "volume_id": "vol-0b9a36f924b070d6e",
                "volume_size": 8,
                "volume_type": "gp3"
              }
            ],
            "secondary_network_interface": [],
            "secondary_private_ips": [],
            "security_groups": [],
            "source_dest_check": true,
            "spot_instance_request_id": "",
            "subnet_id": "subnet-02bfae1c28a2a5de1",
            "tags": {
              "Environment": "dev",
              "Name": "terraform-sample-ssm-worker",
              "Owner": "you",
              "Project": "terraform-sample"
            },
            "tags_all": {
              "Environment": "dev",
              "Name": "terraform-sample-ssm-worker",
              "Owner": "you",
              "Project": "terraform-sample"
            },
            "tenancy": "default",
            "timeouts": null,
            "user_data": null,
            "user_data_base64": null,
            "user_data_replace_on_change": false,
            "volume_tags": null,
            "vpc_security_group_ids": [
              "sg-004eb95bdf207cd7e"
            ]
          },
          "sensitive_attributes": [
            [
              {
                "type": "get_attr",
                "value": "ami"
              }
            ]
          ],
          "identity_schema_version": 0,
          "identity": {
            "account_id": "471112594170",
            "id": "i-0525ce12c0537b946",
            "region": "ap-northeast-1"
          },
          "private": "eyJlMmJmYjczMC1lY2FhLTExZTYtOGY4OC0zNDM2M2JjN2M0YzAiOnsiY3JlYXRlIjo2MDAwMDAwMDAwMDAsImRlbGV0ZSI6MTIwMDAwMDAwMDAwMCwicmVhZCI6OTAwMDAwMDAwMDAwLCJ1cGRhdGUiOjYwMDAwMDAwMDAwMH0sInNjaGVtYV92ZXJzaW9uIjoiMiJ9",
          "dependencies": [
            "aws_iam_instance_profile.ssm_instance",
            "aws_iam_role.ssm_instance",
            "aws_security_group.ssm_instance",
            "aws_subnet.private_primary",
            "aws_vpc.main",
            "data.aws_availability_zones.available",
            "data.aws_ssm_parameter.al2023_ami"
          ]
        }
      ]
    },
    {
      "mode": "managed",
      "type": "aws_kms_alias",
      "name": "secrets",
      "provider": "provider[\"registry.terraform.io/hashicorp/aws\"]",
      "instances": [
        {
          "schema_version": 0,
          "attributes": {
            "arn": "arn:aws:kms:ap-northeast-1:471112594170:alias/terraform-sample-secrets",
            "id": "alias/terraform-sample-secrets",
            "name": "alias/terraform-sample-secrets",
            "name_prefix": "",
            "region": "ap-northeast-1",
            "target_key_arn": "arn:aws:kms:ap-northeast-1:471112594170:key/666e6096-77b9-4bd0-9b2a-5f2d0ef8bc42",
            "target_key_id": "666e6096-77b9-4bd0-9b2a-5f2d0ef8bc42"
          },
          "sensitive_attributes": [],
          "identity_schema_version": 0,
          "identity": {
            "account_id": "471112594170",
            "name": "alias/terraform-sample-secrets",
            "region": "ap-northeast-1"
          },
          "private": "bnVsbA==",
          "dependencies": [
            "aws_kms_key.secrets"
          ]
        }
      ]
    },
    {
      "mode": "managed",
      "type": "aws_kms_key",
      "name": "secrets",
      "provider": "provider[\"registry.terraform.io/hashicorp/aws\"]",
      "instances": [
        {
          "schema_version": 0,
          "attributes": {
            "arn": "arn:aws:kms:ap-northeast-1:471112594170:key/666e6096-77b9-4bd0-9b2a-5f2d0ef8bc42",
            "bypass_policy_lockout_safety_check": false,
            "custom_key_store_id": "",
            "customer_master_key_spec": "SYMMETRIC_DEFAULT",
            "deletion_window_in_days": 7,
            "description": "KMS key for Secrets Manager secrets (terraform-sample)",
            "enable_key_rotation": true,
            "id": "666e6096-77b9-4bd0-9b2a-5f2d0ef8bc42",
            "is_enabled": true,
            "key_id": "666e6096-77b9-4bd0-9b2a-5f2d0ef8bc42",
            "key_usage": "ENCRYPT_DECRYPT",
            "multi_region": false,
            "policy": "{\"Id\":\"key-default-1\",\"Statement\":[{\"Action\":\"kms:*\",\"Effect\":\"Allow\",\"Principal\":{\"AWS\":\"arn:aws:iam::471112594170:root\"},\"Resource\":\"*\",\"Sid\":\"Enable IAM User Permissions\"}],\"Version\":\"2012-10-17\"}",
            "region": "ap-northeast-1",
            "rotation_period_in_days": 365,
            "tags": {
              "Environment": "dev",
              "Name": "terraform-sample-secrets-kms",
              "Owner": "you",
              "Project": "terraform-sample"
            },
            "tags_all": {
              "Environment": "dev",
              "Name": "terraform-sample-secrets-kms",
              "Owner": "you",
              "Project": "terraform-sample"
            },
            "timeouts": null,
            "xks_key_id": ""
          },
          "sensitive_attributes": [],
          "identity_schema_version": 0,
          "identity": {
            "account_id": "471112594170",
            "id": "666e6096-77b9-4bd0-9b2a-5f2d0ef8bc42",
            "region": "ap-northeast-1"
          },
          "private": "eyJlMmJmYjczMC1lY2FhLTExZTYtOGY4OC0zNDM2M2JjN2M0YzAiOnsiY3JlYXRlIjoxMjAwMDAwMDAwMDB9fQ=="
        }
      ]
    },
    {
      "mode": "managed",
      "type": "aws_security_group",
      "name": "app_runner",
      "provider": "provider[\"registry.terraform.io/hashicorp/aws\"]",
      "instances": [
        {
          "schema_version": 1,
          "attributes": {
            "arn": "arn:aws:ec2:ap-northeast-1:471112594170:security-group/sg-0012b61cb4aacd20a",
            "description": "Security group used by the App Runner VPC connector",
            "egress": [
              {
                "cidr_blocks": [
                  "0.0.0.0/0"
                ],
                "description": "",
                "from_port": 0,
                "ipv6_cidr_blocks": [],
                "prefix_list_ids": [],
                "protocol": "-1",
                "security_groups": [],
                "self": false,
                "to_port": 0
              }
            ],
            "id": "sg-0012b61cb4aacd20a",
            "ingress": [],
            "name": "terraform-sample-apprunner-sg",
            "name_prefix": "",
            "owner_id": "471112594170",
            "region": "ap-northeast-1",
            "revoke_rules_on_delete": false,
            "tags": {
              "Environment": "dev",
              "Name": "terraform-sample-apprunner-sg",
              "Owner": "you",
              "Project": "terraform-sample"
            },
            "tags_all": {
              "Environment": "dev",
              "Name": "terraform-sample-apprunner-sg",
              "Owner": "you",
              "Project": "terraform-sample"
            },
            "timeouts": null,
            "vpc_id": "vpc-07037d804e2d1e88e"
          },
          "sensitive_attributes": [],
          "identity_schema_version": 0,
          "identity": {
            "account_id": "471112594170",
            "id": "sg-0012b61cb4aacd20a",
            "region": "ap-northeast-1"
          },
          "private": "eyJlMmJmYjczMC1lY2FhLTExZTYtOGY4OC0zNDM2M2JjN2M0YzAiOnsiY3JlYXRlIjo2MDAwMDAwMDAwMDAsImRlbGV0ZSI6OTAwMDAwMDAwMDAwfSwic2NoZW1hX3ZlcnNpb24iOiIxIn0=",
          "dependencies": [
            "aws_vpc.main"
          ]
        }
      ]
    },
    {
      "mode": "managed",
      "type": "aws_security_group",
      "name": "rds",
      "provider": "provider[\"registry.terraform.io/hashicorp/aws\"]",
      "instances": [
        {
          "schema_version": 1,
          "attributes": {
            "arn": "arn:aws:ec2:ap-northeast-1:471112594170:security-group/sg-0c1f6125da15a256e",
            "description": "Allow PostgreSQL only from App Runner and SSM host",
            "egress": [
              {
                "cidr_blocks": [
                  "0.0.0.0/0"
                ],
                "description": "",
                "from_port": 0,
                "ipv6_cidr_blocks": [],
                "prefix_list_ids": [],
                "protocol": "-1",
                "security_groups": [],
                "self": false,
                "to_port": 0
              }
            ],
            "id": "sg-0c1f6125da15a256e",
            "ingress": [
              {
                "cidr_blocks": [],
                "description": "App Runner access on 5432",
                "from_port": 5432,
                "ipv6_cidr_blocks": [],
                "prefix_list_ids": [],
                "protocol": "tcp",
                "security_groups": [
                  "sg-0012b61cb4aacd20a"
                ],
                "self": false,
                "to_port": 5432
              },
              {
                "cidr_blocks": [],
                "description": "SSM EC2 access on 5432",
                "from_port": 5432,
                "ipv6_cidr_blocks": [],
                "prefix_list_ids": [],
                "protocol": "tcp",
                "security_groups": [
                  "sg-004eb95bdf207cd7e"
                ],
                "self": false,
                "to_port": 5432
              }
            ],
            "name": "terraform-sample-rds-sg",
            "name_prefix": "",
            "owner_id": "471112594170",
            "region": "ap-northeast-1",
            "revoke_rules_on_delete": false,
            "tags": {
              "Environment": "dev",
              "Name": "terraform-sample-rds-sg",
              "Owner": "you",
              "Project": "terraform-sample"
            },
            "tags_all": {
              "Environment": "dev",
              "Name": "terraform-sample-rds-sg",
              "Owner": "you",
              "Project": "terraform-sample"
            },
            "timeouts": null,
            "vpc_id": "vpc-07037d804e2d1e88e"
          },
          "sensitive_attributes": [],
          "identity_schema_version": 0,
          "identity": {
            "account_id": "471112594170",
            "id": "sg-0c1f6125da15a256e",
            "region": "ap-northeast-1"
          },
          "private": "eyJlMmJmYjczMC1lY2FhLTExZTYtOGY4OC0zNDM2M2JjN2M0YzAiOnsiY3JlYXRlIjo2MDAwMDAwMDAwMDAsImRlbGV0ZSI6OTAwMDAwMDAwMDAwfSwic2NoZW1hX3ZlcnNpb24iOiIxIn0=",
          "dependencies": [
            "aws_security_group.app_runner",
            "aws_security_group.ssm_instance",
            "aws_vpc.main"
          ]
        }
      ]
    },
    {
      "mode": "managed",
      "type": "aws_security_group",
      "name": "ssm_instance",
      "provider": "provider[\"registry.terraform.io/hashicorp/aws\"]",
      "instances": [
        {
          "schema_version": 1,
          "attributes": {
            "arn": "arn:aws:ec2:ap-northeast-1:471112594170:security-group/sg-004eb95bdf207cd7e",
            "description": "Session Manager EC2 host",
            "egress": [
              {
                "cidr_blocks": [
                  "0.0.0.0/0"
                ],
                "description": "",
                "from_port": 0,
                "ipv6_cidr_blocks": [],
                "prefix_list_ids": [],
                "protocol": "-1",
                "security_groups": [],
                "self": false,
                "to_port": 0
              }
            ],
            "id": "sg-004eb95bdf207cd7e",
            "ingress": [],
            "name": "terraform-sample-ssm-ec2-sg",
            "name_prefix": "",
            "owner_id": "471112594170",
            "region": "ap-northeast-1",
            "revoke_rules_on_delete": false,
            "tags": {
              "Environment": "dev",
              "Name": "terraform-sample-ssm-ec2-sg",
              "Owner": "you",
              "Project": "terraform-sample"
            },
            "tags_all": {
              "Environment": "dev",
              "Name": "terraform-sample-ssm-ec2-sg",
              "Owner": "you",
              "Project": "terraform-sample"
            },
            "timeouts": null,
            "vpc_id": "vpc-07037d804e2d1e88e"
          },
          "sensitive_attributes": [],
          "identity_schema_version": 0,
          "identity": {
            "account_id": "471112594170",
            "id": "sg-004eb95bdf207cd7e",
            "region": "ap-northeast-1"
          },
          "private": "eyJlMmJmYjczMC1lY2FhLTExZTYtOGY4OC0zNDM2M2JjN2M0YzAiOnsiY3JlYXRlIjo2MDAwMDAwMDAwMDAsImRlbGV0ZSI6OTAwMDAwMDAwMDAwfSwic2NoZW1hX3ZlcnNpb24iOiIxIn0=",
          "dependencies": [
            "aws_vpc.main"
          ]
        }
      ]
    },
    {
      "mode": "managed",
      "type": "aws_security_group",
      "name": "vpc_endpoints",
      "provider": "provider[\"registry.terraform.io/hashicorp/aws\"]",
      "instances": [
        {
          "schema_version": 1,
          "attributes": {
            "arn": "arn:aws:ec2:ap-northeast-1:471112594170:security-group/sg-0aab6d9d9e5ebeed1",
            "description": "Allow HTTPS from inside the VPC to interface endpoints",
            "egress": [
              {
                "cidr_blocks": [
                  "0.0.0.0/0"
                ],
                "description": "",
                "from_port": 0,
                "ipv6_cidr_blocks": [],
                "prefix_list_ids": [],
                "protocol": "-1",
                "security_groups": [],
                "self": false,
                "to_port": 0
              }
            ],
            "id": "sg-0aab6d9d9e5ebeed1",
            "ingress": [
              {
                "cidr_blocks": [
                  "10.0.0.0/16"
                ],
                "description": "VPC endpoints",
                "from_port": 443,
                "ipv6_cidr_blocks": [],
                "prefix_list_ids": [],
                "protocol": "tcp",
                "security_groups": [],
                "self": false,
                "to_port": 443
              }
            ],
            "name": "terraform-sample-endpoint-sg",
            "name_prefix": "",
            "owner_id": "471112594170",
            "region": "ap-northeast-1",
            "revoke_rules_on_delete": false,
            "tags": {
              "Environment": "dev",
              "Name": "terraform-sample-endpoint-sg",
              "Owner": "you",
              "Project": "terraform-sample"
            },
            "tags_all": {
              "Environment": "dev",
              "Name": "terraform-sample-endpoint-sg",
              "Owner": "you",
              "Project": "terraform-sample"
            },
            "timeouts": null,
            "vpc_id": "vpc-07037d804e2d1e88e"
          },
          "sensitive_attributes": [],
          "identity_schema_version": 0,
          "identity": {
            "account_id": "471112594170",
            "id": "sg-0aab6d9d9e5ebeed1",
            "region": "ap-northeast-1"
          },
          "private": "eyJlMmJmYjczMC1lY2FhLTExZTYtOGY4OC0zNDM2M2JjN2M0YzAiOnsiY3JlYXRlIjo2MDAwMDAwMDAwMDAsImRlbGV0ZSI6OTAwMDAwMDAwMDAwfSwic2NoZW1hX3ZlcnNpb24iOiIxIn0=",
          "dependencies": [
            "aws_vpc.main"
          ]
        }
      ]
    },
    {
      "mode": "managed",
      "type": "aws_subnet",
      "name": "private_primary",
      "provider": "provider[\"registry.terraform.io/hashicorp/aws\"]",
      "instances": [
        {
          "schema_version": 1,
          "attributes": {
            "arn": "arn:aws:ec2:ap-northeast-1:471112594170:subnet/subnet-02bfae1c28a2a5de1",
            "assign_ipv6_address_on_creation": false,
            "availability_zone": "ap-northeast-1a",
            "availability_zone_id": "apne1-az4",
            "cidr_block": "10.0.1.0/24",
            "customer_owned_ipv4_pool": "",
            "enable_dns64": false,
            "enable_lni_at_device_index": 0,
            "enable_resource_name_dns_a_record_on_launch": false,
            "enable_resource_name_dns_aaaa_record_on_launch": false,
            "id": "subnet-02bfae1c28a2a5de1",
            "ipv4_ipam_pool_id": null,
            "ipv4_netmask_length": null,
            "ipv6_cidr_block": "",
            "ipv6_cidr_block_association_id": "",
            "ipv6_ipam_pool_id": null,
            "ipv6_native": false,
            "ipv6_netmask_length": null,
            "map_customer_owned_ip_on_launch": false,
            "map_public_ip_on_launch": false,
            "outpost_arn": "",
            "owner_id": "471112594170",
            "private_dns_hostname_type_on_launch": "ip-name",
            "region": "ap-northeast-1",
            "tags": {
              "Environment": "dev",
              "Name": "terraform-sample-private-a",
              "Owner": "you",
              "Project": "terraform-sample"
            },
            "tags_all": {
              "Environment": "dev",
              "Name": "terraform-sample-private-a",
              "Owner": "you",
              "Project": "terraform-sample"
            },
            "timeouts": null,
            "vpc_id": "vpc-07037d804e2d1e88e"
          },
          "sensitive_attributes": [],
          "identity_schema_version": 0,
          "identity": {
            "account_id": "471112594170",
            "id": "subnet-02bfae1c28a2a5de1",
            "region": "ap-northeast-1"
          },
          "private": "eyJlMmJmYjczMC1lY2FhLTExZTYtOGY4OC0zNDM2M2JjN2M0YzAiOnsiY3JlYXRlIjo2MDAwMDAwMDAwMDAsImRlbGV0ZSI6MTIwMDAwMDAwMDAwMH0sInNjaGVtYV92ZXJzaW9uIjoiMSJ9",
          "dependencies": [
            "aws_vpc.main",
            "data.aws_availability_zones.available"
          ]
        }
      ]
    },
    {
      "mode": "managed",
      "type": "aws_subnet",
      "name": "private_secondary",
      "provider": "provider[\"registry.terraform.io/hashicorp/aws\"]",
      "instances": [
        {
          "schema_version": 1,
          "attributes": {
            "arn": "arn:aws:ec2:ap-northeast-1:471112594170:subnet/subnet-05c8a5c86ba89a714",
            "assign_ipv6_address_on_creation": false,
            "availability_zone": "ap-northeast-1c",
            "availability_zone_id": "apne1-az1",
            "cidr_block": "10.0.2.0/24",
            "customer_owned_ipv4_pool": "",
            "enable_dns64": false,
            "enable_lni_at_device_index": 0,
            "enable_resource_name_dns_a_record_on_launch": false,
            "enable_resource_name_dns_aaaa_record_on_launch": false,
            "id": "subnet-05c8a5c86ba89a714",
            "ipv4_ipam_pool_id": null,
            "ipv4_netmask_length": null,
            "ipv6_cidr_block": "",
            "ipv6_cidr_block_association_id": "",
            "ipv6_ipam_pool_id": null,
            "ipv6_native": false,
            "ipv6_netmask_length": null,
            "map_customer_owned_ip_on_launch": false,
            "map_public_ip_on_launch": false,
            "outpost_arn": "",
            "owner_id": "471112594170",
            "private_dns_hostname_type_on_launch": "ip-name",
            "region": "ap-northeast-1",
            "tags": {
              "Environment": "dev",
              "Name": "terraform-sample-private-c",
              "Owner": "you",
              "Project": "terraform-sample"
            },
            "tags_all": {
              "Environment": "dev",
              "Name": "terraform-sample-private-c",
              "Owner": "you",
              "Project": "terraform-sample"
            },
            "timeouts": null,
            "vpc_id": "vpc-07037d804e2d1e88e"
          },
          "sensitive_attributes": [],
          "identity_schema_version": 0,
          "identity": {
            "account_id": "471112594170",
            "id": "subnet-05c8a5c86ba89a714",
            "region": "ap-northeast-1"
          },
          "private": "eyJlMmJmYjczMC1lY2FhLTExZTYtOGY4OC0zNDM2M2JjN2M0YzAiOnsiY3JlYXRlIjo2MDAwMDAwMDAwMDAsImRlbGV0ZSI6MTIwMDAwMDAwMDAwMH0sInNjaGVtYV92ZXJzaW9uIjoiMSJ9",
          "dependencies": [
            "aws_vpc.main",
            "data.aws_availability_zones.available"
          ]
        }
      ]
    },
    {
      "mode": "managed",
      "type": "aws_vpc",
      "name": "main",
      "provider": "provider[\"registry.terraform.io/hashicorp/aws\"]",
      "instances": [
        {
          "schema_version": 1,
          "attributes": {
            "arn": "arn:aws:ec2:ap-northeast-1:471112594170:vpc/vpc-07037d804e2d1e88e",
            "assign_generated_ipv6_cidr_block": false,
            "cidr_block": "10.0.0.0/16",
            "default_network_acl_id": "acl-0fdfea2009f2d6459",
            "default_route_table_id": "rtb-04be27e02b2b74bc2",
            "default_security_group_id": "sg-0bd92d4b2e7aeb134",
            "dhcp_options_id": "dopt-016f1d6dd1b1e5b66",
            "enable_dns_hostnames": true,
            "enable_dns_support": true,
            "enable_network_address_usage_metrics": false,
            "id": "vpc-07037d804e2d1e88e",
            "instance_tenancy": "default",
            "ipv4_ipam_pool_id": null,
            "ipv4_netmask_length": null,
            "ipv6_association_id": "",
            "ipv6_cidr_block": "",
            "ipv6_cidr_block_network_border_group": "",
            "ipv6_ipam_pool_id": "",
            "ipv6_netmask_length": 0,
            "main_route_table_id": "rtb-04be27e02b2b74bc2",
            "owner_id": "471112594170",
            "region": "ap-northeast-1",
            "tags": {
              "Environment": "dev",
              "Name": "terraform-sample-vpc",
              "Owner": "you",
              "Project": "terraform-sample"
            },
            "tags_all": {
              "Environment": "dev",
              "Name": "terraform-sample-vpc",
              "Owner": "you",
              "Project": "terraform-sample"
            }
          },
          "sensitive_attributes": [],
          "identity_schema_version": 0,
          "identity": {
            "account_id": "471112594170",
            "id": "vpc-07037d804e2d1e88e",
            "region": "ap-northeast-1"
          },
          "private": "eyJzY2hlbWFfdmVyc2lvbiI6IjEifQ=="
        }
      ]
    },
    {
      "mode": "managed",
      "type": "aws_vpc_endpoint",
      "name": "ec2messages",
      "provider": "provider[\"registry.terraform.io/hashicorp/aws\"]",
      "instances": [
        {
          "schema_version": 0,
          "attributes": {
            "arn": "arn:aws:ec2:ap-northeast-1:471112594170:vpc-endpoint/vpce-004b9d521823bb4fe",
            "auto_accept": null,
            "cidr_blocks": [],
            "dns_entry": [
              {
                "dns_name": "vpce-004b9d521823bb4fe-sj805ros.ec2messages.ap-northeast-1.vpce.amazonaws.com",
                "hosted_zone_id": "Z2E726K9Y6RL4W"
              },
              {
                "dns_name": "vpce-004b9d521823bb4fe-sj805ros-ap-northeast-1a.ec2messages.ap-northeast-1.vpce.amazonaws.com",
                "hosted_zone_id": "Z2E726K9Y6RL4W"
              },
              {
                "dns_name": "vpce-004b9d521823bb4fe-sj805ros-ap-northeast-1c.ec2messages.ap-northeast-1.vpce.amazonaws.com",
                "hosted_zone_id": "Z2E726K9Y6RL4W"
              },
              {
                "dns_name": "ec2messages.ap-northeast-1.amazonaws.com",
                "hosted_zone_id": "Z096016617SQ25430PZU1"
              }
            ],
            "dns_options": [
              {
                "dns_record_ip_type": "ipv4",
                "private_dns_only_for_inbound_resolver_endpoint": false,
                "private_dns_preference": "",
                "private_dns_specified_domains": []
              }
            ],
            "id": "vpce-004b9d521823bb4fe",
            "ip_address_type": "ipv4",
            "network_interface_ids": [
              "eni-0968e64a2aba90944",
              "eni-0abef30c317a08e7d"
            ],
            "owner_id": "471112594170",
            "policy": "{\"Statement\":[{\"Action\":\"*\",\"Effect\":\"Allow\",\"Principal\":\"*\",\"Resource\":\"*\"}]}",
            "prefix_list_id": null,
            "private_dns_enabled": true,
            "region": "ap-northeast-1",
            "requester_managed": false,
            "resource_configuration_arn": "",
            "route_table_ids": [],
            "security_group_ids": [
              "sg-0aab6d9d9e5ebeed1"
            ],
            "service_name": "com.amazonaws.ap-northeast-1.ec2messages",
            "service_network_arn": "",
            "service_region": "ap-northeast-1",
            "state": "available",
            "subnet_configuration": [
              {
                "ipv4": "10.0.1.242",
                "ipv6": "",
                "subnet_id": "subnet-02bfae1c28a2a5de1"
              },
              {
                "ipv4": "10.0.2.134",
                "ipv6": "",
                "subnet_id": "subnet-05c8a5c86ba89a714"
              }
            ],
            "subnet_ids": [
              "subnet-02bfae1c28a2a5de1",
              "subnet-05c8a5c86ba89a714"
            ],
            "tags": {
              "Environment": "dev",
              "Name": "terraform-sample-vpce-ec2messages",
              "Owner": "you",
              "Project": "terraform-sample"
            },
            "tags_all": {
              "Environment": "dev",
              "Name": "terraform-sample-vpce-ec2messages",
              "Owner": "you",
              "Project": "terraform-sample"
            },
            "timeouts": null,
            "vpc_endpoint_type": "Interface",
            "vpc_id": "vpc-07037d804e2d1e88e"
          },
          "sensitive_attributes": [],
          "identity_schema_version": 0,
          "identity": {
            "account_id": "471112594170",
            "id": "vpce-004b9d521823bb4fe",
            "region": "ap-northeast-1"
          },
          "private": "eyJlMmJmYjczMC1lY2FhLTExZTYtOGY4OC0zNDM2M2JjN2M0YzAiOnsiY3JlYXRlIjo2MDAwMDAwMDAwMDAsImRlbGV0ZSI6NjAwMDAwMDAwMDAwLCJ1cGRhdGUiOjYwMDAwMDAwMDAwMH19",
          "dependencies": [
            "aws_security_group.vpc_endpoints",
            "aws_subnet.private_primary",
            "aws_subnet.private_secondary",
            "aws_vpc.main",
            "data.aws_availability_zones.available"
          ]
        }
      ]
    },
    {
      "mode": "managed",
      "type": "aws_vpc_endpoint",
      "name": "ssm",
      "provider": "provider[\"registry.terraform.io/hashicorp/aws\"]",
      "instances": [
        {
          "schema_version": 0,
          "attributes": {
            "arn": "arn:aws:ec2:ap-northeast-1:471112594170:vpc-endpoint/vpce-0b76df8ef0f91fe54",
            "auto_accept": null,
            "cidr_blocks": [],
            "dns_entry": [
              {
                "dns_name": "vpce-0b76df8ef0f91fe54-nxfc5773.ssm.ap-northeast-1.vpce.amazonaws.com",
                "hosted_zone_id": "Z2E726K9Y6RL4W"
              },
              {
                "dns_name": "vpce-0b76df8ef0f91fe54-nxfc5773-ap-northeast-1a.ssm.ap-northeast-1.vpce.amazonaws.com",
                "hosted_zone_id": "Z2E726K9Y6RL4W"
              },
              {
                "dns_name": "vpce-0b76df8ef0f91fe54-nxfc5773-ap-northeast-1c.ssm.ap-northeast-1.vpce.amazonaws.com",
                "hosted_zone_id": "Z2E726K9Y6RL4W"
              },
              {
                "dns_name": "ssm.ap-northeast-1.amazonaws.com",
                "hosted_zone_id": "Z01153463CX5PR5DKBX8Z"
              },
              {
                "dns_name": "ssm.ap-northeast-1.api.aws",
                "hosted_zone_id": "Z09596242I0IW46YMLKZI"
              }
            ],
            "dns_options": [
              {
                "dns_record_ip_type": "ipv4",
                "private_dns_only_for_inbound_resolver_endpoint": false,
                "private_dns_preference": "",
                "private_dns_specified_domains": []
              }
            ],
            "id": "vpce-0b76df8ef0f91fe54",
            "ip_address_type": "ipv4",
            "network_interface_ids": [
              "eni-0802ac3bad9f19409",
              "eni-0e05830445286072f"
            ],
            "owner_id": "471112594170",
            "policy": "{\"Statement\":[{\"Action\":\"*\",\"Effect\":\"Allow\",\"Principal\":\"*\",\"Resource\":\"*\"}]}",
            "prefix_list_id": null,
            "private_dns_enabled": true,
            "region": "ap-northeast-1",
            "requester_managed": false,
            "resource_configuration_arn": "",
            "route_table_ids": [],
            "security_group_ids": [
              "sg-0aab6d9d9e5ebeed1"
            ],
            "service_name": "com.amazonaws.ap-northeast-1.ssm",
            "service_network_arn": "",
            "service_region": "ap-northeast-1",
            "state": "available",
            "subnet_configuration": [
              {
                "ipv4": "10.0.1.127",
                "ipv6": "",
                "subnet_id": "subnet-02bfae1c28a2a5de1"
              },
              {
                "ipv4": "10.0.2.89",
                "ipv6": "",
                "subnet_id": "subnet-05c8a5c86ba89a714"
              }
            ],
            "subnet_ids": [
              "subnet-02bfae1c28a2a5de1",
              "subnet-05c8a5c86ba89a714"
            ],
            "tags": {
              "Environment": "dev",
              "Name": "terraform-sample-vpce-ssm",
              "Owner": "you",
              "Project": "terraform-sample"
            },
            "tags_all": {
              "Environment": "dev",
              "Name": "terraform-sample-vpce-ssm",
              "Owner": "you",
              "Project": "terraform-sample"
            },
            "timeouts": null,
            "vpc_endpoint_type": "Interface",
            "vpc_id": "vpc-07037d804e2d1e88e"
          },
          "sensitive_attributes": [],
          "identity_schema_version": 0,
          "identity": {
            "account_id": "471112594170",
            "id": "vpce-0b76df8ef0f91fe54",
            "region": "ap-northeast-1"
          },
          "private": "eyJlMmJmYjczMC1lY2FhLTExZTYtOGY4OC0zNDM2M2JjN2M0YzAiOnsiY3JlYXRlIjo2MDAwMDAwMDAwMDAsImRlbGV0ZSI6NjAwMDAwMDAwMDAwLCJ1cGRhdGUiOjYwMDAwMDAwMDAwMH19",
          "dependencies": [
            "aws_security_group.vpc_endpoints",
            "aws_subnet.private_primary",
            "aws_subnet.private_secondary",
            "aws_vpc.main",
            "data.aws_availability_zones.available"
          ]
        }
      ]
    },
    {
      "mode": "managed",
      "type": "aws_vpc_endpoint",
      "name": "ssmmessages",
      "provider": "provider[\"registry.terraform.io/hashicorp/aws\"]",
      "instances": [
        {
          "schema_version": 0,
          "attributes": {
            "arn": "arn:aws:ec2:ap-northeast-1:471112594170:vpc-endpoint/vpce-0dee813ba12c14194",
            "auto_accept": null,
            "cidr_blocks": [],
            "dns_entry": [
              {
                "dns_name": "vpce-0dee813ba12c14194-tkw80wbr.ssmmessages.ap-northeast-1.vpce.amazonaws.com",
                "hosted_zone_id": "Z2E726K9Y6RL4W"
              },
              {
                "dns_name": "vpce-0dee813ba12c14194-tkw80wbr-ap-northeast-1a.ssmmessages.ap-northeast-1.vpce.amazonaws.com",
                "hosted_zone_id": "Z2E726K9Y6RL4W"
              },
              {
                "dns_name": "vpce-0dee813ba12c14194-tkw80wbr-ap-northeast-1c.ssmmessages.ap-northeast-1.vpce.amazonaws.com",
                "hosted_zone_id": "Z2E726K9Y6RL4W"
              },
              {
                "dns_name": "ssmmessages.ap-northeast-1.amazonaws.com",
                "hosted_zone_id": "Z011715114QAQQD1AON7Y"
              },
              {
                "dns_name": "ssmmessages.ap-northeast-1.api.aws",
                "hosted_zone_id": "Z01159561JJ6KZG1ZW6CV"
              }
            ],
            "dns_options": [
              {
                "dns_record_ip_type": "ipv4",
                "private_dns_only_for_inbound_resolver_endpoint": false,
                "private_dns_preference": "",
                "private_dns_specified_domains": []
              }
            ],
            "id": "vpce-0dee813ba12c14194",
            "ip_address_type": "ipv4",
            "network_interface_ids": [
              "eni-004506e6ff37bf306",
              "eni-0f66df35c556c4c93"
            ],
            "owner_id": "471112594170",
            "policy": "{\"Statement\":[{\"Action\":\"*\",\"Effect\":\"Allow\",\"Principal\":\"*\",\"Resource\":\"*\"}]}",
            "prefix_list_id": null,
            "private_dns_enabled": true,
            "region": "ap-northeast-1",
            "requester_managed": false,
            "resource_configuration_arn": "",
            "route_table_ids": [],
            "security_group_ids": [
              "sg-0aab6d9d9e5ebeed1"
            ],
            "service_name": "com.amazonaws.ap-northeast-1.ssmmessages",
            "service_network_arn": "",
            "service_region": "ap-northeast-1",
            "state": "available",
            "subnet_configuration": [
              {
                "ipv4": "10.0.1.172",
                "ipv6": "",
                "subnet_id": "subnet-02bfae1c28a2a5de1"
              },
              {
                "ipv4": "10.0.2.45",
                "ipv6": "",
                "subnet_id": "subnet-05c8a5c86ba89a714"
              }
            ],
            "subnet_ids": [
              "subnet-02bfae1c28a2a5de1",
              "subnet-05c8a5c86ba89a714"
            ],
            "tags": {
              "Environment": "dev",
              "Name": "terraform-sample-vpce-ssmmessages",
              "Owner": "you",
              "Project": "terraform-sample"
            },
            "tags_all": {
              "Environment": "dev",
              "Name": "terraform-sample-vpce-ssmmessages",
              "Owner": "you",
              "Project": "terraform-sample"
            },
            "timeouts": null,
            "vpc_endpoint_type": "Interface",
            "vpc_id": "vpc-07037d804e2d1e88e"
          },
          "sensitive_attributes": [],
          "identity_schema_version": 0,
          "identity": {
            "account_id": "471112594170",
            "id": "vpce-0dee813ba12c14194",
            "region": "ap-northeast-1"
          },
          "private": "eyJlMmJmYjczMC1lY2FhLTExZTYtOGY4OC0zNDM2M2JjN2M0YzAiOnsiY3JlYXRlIjo2MDAwMDAwMDAwMDAsImRlbGV0ZSI6NjAwMDAwMDAwMDAwLCJ1cGRhdGUiOjYwMDAwMDAwMDAwMH19",
          "dependencies": [
            "aws_security_group.vpc_endpoints",
            "aws_subnet.private_primary",
            "aws_subnet.private_secondary",
            "aws_vpc.main",
            "data.aws_availability_zones.available"
          ]
        }
      ]
    }
  ],
  "check_results": null
}
